{
  "name": "sass-bootstrap",
  "version": "1.0.0",
  "lockfileVersion": 1,
  "requires": true,
  "dependencies": {
    "@popperjs/core": {
      "version": "2.5.4",
      "resolved": "https://registry.npmjs.org/@popperjs/core/-/core-2.5.4.tgz",
      "integrity": "sha512-ZpKr+WTb8zsajqgDkvCEWgp6d5eJT6Q63Ng2neTbzBO76Lbe91vX/iVIW9dikq+Fs3yEo+ls4cxeXABD2LtcbQ=="
    },
    "bootstrap": {
      "version": "5.0.0-alpha2",
      "resolved": "https://registry.npmjs.org/bootstrap/-/bootstrap-5.0.0-alpha2.tgz",
      "integrity": "sha512-ZhW32+m5ImJoEkDKn43QQk2KovpJFisV/7TAg/RCzDi+B8m7FUgLHWx1Auu0Jt3/DQXDYwp6iwsprP3ej4u3ng=="
    },
    "bootstrap-icons": {
      "version": "1.1.0",
      "resolved": "https://registry.npmjs.org/bootstrap-icons/-/bootstrap-icons-1.1.0.tgz",
      "integrity": "sha512-z5wWjw+SGLdDdP9R5qqEYSi+yRJOeOwlGW83VNftMO+jIgW/rtxHk3LI8sRxPYZEB0G+btJaEiUKLKsx3Mlycg=="
    }
  }
}
